github.com/davecgh/go-spew v1.1.0/go.mod h1:J7Y8YcW2NihsgmVo/mv3lAwl/skON4iLHjSsI+c5H38=
github.com/davecgh/go-spew v1.1.1 h1:vj9j/u1bqnvCEfJOwUhtlOARqs3+rkHYY13jYWTU97c=
github.com/davecgh/go-spew v1.1.1/go.mod h1:J7Y8YcW2NihsgmVo/mv3lAwl/skON4iLHjSsI+c5H38=
github.com/go-sql-driver/mysql v1.5.0/go.mod h1:DCzpHaOWr8IXmIStZouvnhqoel9Qv2LBy8hT2VhHyBg=
github.com/go-sql-driver/mysql v1.6.0 h1:BCTh4TKNUYmOmMUcQ3IipzF5prigylS7XXjEkfCHuOE=
github.com/go-sql-driver/mysql v1.6.0/go.mod h1:DCzpHaOWr8IXmIStZouvnhqoel9Qv2LBy8hT2VhHyBg=
github.com/goclub/conv v0.0.0-20210212152229-4c7944a42840 h1:XGSWD0qFbSqWso8hrJU3OBNVEyw+R3jd/tU578Yr4fk=
github.com/goclub/conv v0.0.0-20210212152229-4c7944a42840/go.mod h1:iAu2C+UiczzPo2c9enIIzM5xeLbvpbpPw8bzmL4xt80=
github.com/goclub/error v0.0.0-20210704151306-244ff1f723cf h1:sSDCMrxIQ8VCMmRZ6j6HjTjKbSGCOPscflKPp7OY+VA=
github.com/goclub/error v0.0.0-20210704151306-244ff1f723cf/go.mod h1:2ombCAL3uNuhVNevp56iOpelgiQIyxlYkz7t6nWEC18=
github.com/goclub/http v0.0.0-20210703123510-b5ac02e83397 h1:IzHQSaL56+zbQLur3QM9F9elriiohGzQ2tkCOmQVwZ4=
github.com/goclub/http v0.0.0-20210703123510-b5ac02e83397/go.mod h1:Kfo+tnUk3s8XdEsLnG1+pgy9j6O9aY13Wd9xx0wiGqw=
github.com/goclub/json v0.0.0-20201212033753-4350fe0a941e/go.mod h1:K7bX26XRz/QHEzyXUZNCYwN8yQsrfedeC1hhsE9HcRk=
github.com/goclub/json v0.0.0-20201216064424-4c200d38c18f h1:xWeyqRM/ZFaZ4iE9SXcKgozxs+VrouZI/spJUax3qzI=
github.com/goclub/json v0.0.0-20201216064424-4c200d38c18f/go.mod h1:K7bX26XRz/QHEzyXUZNCYwN8yQsrfedeC1hhsE9HcRk=
github.com/goclub/reflect v0.0.0-20201224025738-7f37ac2827fc h1:sxZyievtovcLzlbQYj+iBha+w7pFJg/4D3nF8ZzzSnU=
github.com/goclub/reflect v0.0.0-20201224025738-7f37ac2827fc/go.mod h1:gZD1Jbtu5ZI1wM8tuCdqlR5l7PsLZbbPsNWrrCbHCpw=
github.com/goclub/sql v0.0.0-20210623092327-221462dff299 h1:UlJZmzav8XhFyXp0dptrd6YYpVWOgQ+/IcXOwvPJrc0=
github.com/goclub/sql v0.0.0-20210623092327-221462dff299/go.mod h1:lEW5UqYQ8xTm6+/Hm80TdKkC2jIdys/FdE88KJ7pwU0=
github.com/goclub/time v0.0.0-20210216123546-3bdf423eb95f h1:hrONfxE5IRcPdV4k9O5/cjCYnwHbaXYVUC7aovssryo=
github.com/goclub/time v0.0.0-20210216123546-3bdf423eb95f/go.mod h1:ubQiIzvf3qBw+a+J5563Rpf3yq2UvsVQzESGdg1rR4A=
github.com/google/uuid v1.1.4/go.mod h1:TIyPZe4MgqvfeYDBFedMoGGpEw/LqOeaOT+nhxU+yHo=
github.com/google/uuid v1.2.0 h1:qJYtXnJRWmpe7m/3XlyhrsLrEURqHRM2kxzoxXqyUDs=
github.com/google/uuid v1.2.0/go.mod h1:TIyPZe4MgqvfeYDBFedMoGGpEw/LqOeaOT+nhxU+yHo=
github.com/gorilla/mux v1.8.0 h1:i40aqfkR1h2SlN9hojwV5ZA91wcXFOvkdNIeFDP5koI=
github.com/gorilla/mux v1.8.0/go.mod h1:DVbg23sWSpFRCP0SfiEN6jmj59UnW/n46BH5rLB71So=
github.com/jmoiron/sqlx v1.3.4 h1:wv+0IJZfL5z0uZoUjlpKgHkgaFSYD+r9CfrXjEXsO7w=
github.com/jmoiron/sqlx v1.3.4/go.mod h1:2BljVx/86SuTyjE+aPYlHCTNvZrnJXghYGpNiXLBMCQ=
github.com/kr/pretty v0.1.0 h1:L/CwN0zerZDmRFUapSPitk6f+Q3+0za1rQkzVuMiMFI=
github.com/kr/pretty v0.1.0/go.mod h1:dAy3ld7l9f0ibDNOQOHHMYYIIbhfbHSm3C4ZsoJORNo=
github.com/kr/pty v1.1.1/go.mod h1:pFQYn66WHrOpPYNljwOMqo10TkYh1fy3cYio2l3bCsQ=
github.com/kr/text v0.1.0 h1:45sCR5RtlFHMR4UwH9sdQ5TC8v0qDQCHnXt+kaKSTVE=
github.com/kr/text v0.1.0/go.mod h1:4Jbv+DJW3UT/LiOwJeYQe1efqtUx/iVham/4vfdArNI=
github.com/lib/pq v1.2.0 h1:LXpIM/LZ5xGFhOpXAQUIMM1HdyqzVYM13zNdjCEEcA0=
github.com/lib/pq v1.2.0/go.mod h1:5WUZQaWbwv1U+lTReE5YruASi9Al49XbQIvNi/34Woo=
github.com/mattn/go-sqlite3 v1.14.6 h1:dNPt6NO46WmLVt2DLNpwczCmdV5boIZ6g/tlDrlRUbg=
github.com/mattn/go-sqlite3 v1.14.6/go.mod h1:NyWgC/yNuGj7Q9rpYnZvas74GogHl5/Z4A/KQRfk6bU=
github.com/pkg/errors v0.9.1 h1:FEBLx1zS214owpjy7qsBeixbURkuhQAwrK5UwLGTwt4=
github.com/pkg/errors v0.9.1/go.mod h1:bwawxfHBFNV+L2hUp1rHADufV3IMtnDRdf1r5NINEl0=
github.com/pmezard/go-difflib v1.0.0 h1:4DBwDE0NGyQoBHbLQYPwSUPoCMWR5BEzIk/f1lZbAQM=
github.com/pmezard/go-difflib v1.0.0/go.mod h1:iKH77koFhYxTK1pcRnkKkqfTogsbg7gZNVY4sRDYZ/4=
github.com/sergi/go-diff v1.1.0 h1:we8PVUC3FE2uYfodKH/nBHMSetSfHDR6scGdBi+erh0=
github.com/sergi/go-diff v1.1.0/go.mod h1:STckp+ISIX8hZLjrqAeVduY0gWCT9IjLuqbuNXdaHfM=
github.com/stretchr/objx v0.1.0/go.mod h1:HFkY916IF+rwdDfMAkV7OtwuqBVzrE8GR6GFx+wExME=
github.com/stretchr/testify v1.4.0/go.mod h1:j7eGeouHqKxXV5pUuKE4zz7dFj8WfuZ+81PSLYec5m4=
github.com/stretchr/testify v1.6.1/go.mod h1:6Fq8oRcR53rry900zMqJjRRixrwX3KX962/h/Wwjteg=
github.com/stretchr/testify v1.7.0 h1:nwc3DEeHmmLAfoZucVR881uASk0Mfjw8xYJ99tb5CcY=
github.com/stretchr/testify v1.7.0/go.mod h1:6Fq8oRcR53rry900zMqJjRRixrwX3KX962/h/Wwjteg=
gopkg.in/check.v1 v0.0.0-20161208181325-20d25e280405/go.mod h1:Co6ibVJAznAaIkqp8huTwlJQCZ016jof/cbN4VW5Yz0=
gopkg.in/check.v1 v1.0.0-20190902080502-41f04d3bba15 h1:YR8cESwS4TdDjEe65xsg0ogRM/Nc3DYOhEAlW+xobZo=
gopkg.in/check.v1 v1.0.0-20190902080502-41f04d3bba15/go.mod h1:Co6ibVJAznAaIkqp8huTwlJQCZ016jof/cbN4VW5Yz0=
gopkg.in/yaml.v2 v2.2.2/go.mod h1:hI93XBmqTisBFMUTm0b8Fm+jr3Dg1NNxqwp+5A1VGuI=
gopkg.in/yaml.v2 v2.2.4/go.mod h1:hI93XBmqTisBFMUTm0b8Fm+jr3Dg1NNxqwp+5A1VGuI=
gopkg.in/yaml.v3 v3.0.0-20200313102051-9f266ea9e77c h1:dUUwHk2QECo/6vqA44rthZ8ie2QXMNeKRTHCNY2nXvo=
gopkg.in/yaml.v3 v3.0.0-20200313102051-9f266ea9e77c/go.mod h1:K4uyk7z7BCEPqu6E+C64Yfv1cQ7kz7rIZviUmN+EgEM=
